# This file is automatically @generated by Cargo.
# It is not intended for manual editing.
version = 3

[[package]]
name = "audio_friend"
version = "0.0.0"
dependencies = [
 "extended",
]

[[package]]
name = "extended"
version = "0.1.0"
source = "registry+https://github.com/rust-lang/crates.io-index"
checksum = "af9673d8203fcb076b19dfd17e38b3d4ae9f44959416ea532ce72415a6020365"
